directories:
    modules: .wippy
    src: .
modules:
    - name: wippy/agent
      version: 0.4.8
      hash: 78badb7dfe822a82f6b800e4325ce4393216068ac5787b8782723068b4b0813e
    - name: wippy/bootloader
      version: 0.3.12
      hash: 2b6d8eba7b46ef900024d3a7dbf06bd560fad645b8b2ac6296e2a8bad42f60b9
    - name: wippy/llm
      version: 0.4.30
      hash: 8dbd89bbbc925f1de10f4c6dc0edeea91f5f77ba5484032a8eaf46f2e15bc5e1
    - name: wippy/migration
      version: 0.3.16
      hash: 8a8e9e087f40ce6c1d84b579db08855f3f227cedd9cf48272ebc3f7cb7cbd9c9
    - name: wippy/session
      version: 0.1.8
      hash: 7ece25b42b0f0709d9cd945636ffdadf56a025d865ca01e2c1a66fc38edc374f
    - name: wippy/terminal
      version: 0.4.3
      hash: 56141fae39a0e7a996dee6a9e8d7d45beb1a6c62bf7aeb79dd27ce8b72694a49
    - name: wippy/test
      version: 0.4.12
      hash: 23ccac1d11dbaf13d05ec0400e19189b435b892a4a18e95e69f49a22f1ceb99b
    - name: wippy/views
      version: 0.5.1
      hash: ecb42a47c40415a2a3706071de488e21bc056a49d60ce7c3fa4e176fcefd16c1
replacements:
    - from: wippy/agent
      to: ../../framework/src/agent/src
    - from: wippy/session
      to: ../src
