directories:
    modules: .wippy
    src: .
modules:
    - name: wippy/agent
      version: 0.5.2
      hash: 5fa98078ab97f56b0139445ac7aee05c504fb11abefc06bc3b35df53aa16d81b
    - name: wippy/bootloader
      version: 0.3.14
      hash: aa5e32807eba6a5ea0e5a224069a006288f58605c4542a444f5469caee862c58
    - name: wippy/llm
      version: 0.5.4
      hash: 984785fe2219cdc52a84d61d5900f30fb2ee13d3c7c43e6382b20220a4abb1dd
    - name: wippy/migration
      version: 0.3.21
      hash: 215445ba5e9c79a36af1dcf59277946c8b7a7f20d372a296f295fa99ddc4b430
    - name: wippy/security
      version: 0.4.2
      hash: 9020016afc9de612f5297d38ce99e8500c63a2986077e8b0e560d8636c506627
    - name: wippy/session
      version: 0.4.4
    - name: wippy/terminal
      version: 0.4.5
      hash: 028180c6044cdd9bbe15330255a4926770e02a291511930264a615f6388824f0
    - name: wippy/test
      version: 0.4.18
      hash: 048d88d2748ec6901fba703ed1317c27f7027650735f653a51d38c07741e1b99
    - name: wippy/views
      version: 0.5.10
      hash: a25c35b260e8f9c161f372aa8f5e80624af4db233f2b9de4a36d9015342f01fe
