directories:
    modules: .wippy
    src: ./src
modules:
    - name: wippy/agent
      version: 0.4.19
      hash: 5621050be914e41c909d508666ded1db056c1f649845396a25ad6c9bbb7bf71e
    - name: wippy/llm
      version: 0.4.46
      hash: 414a2e517bc1d27f39acf8936c1d5db75afc8a2ec918318cfcb600c464fbec8c
    - name: wippy/migration
      version: 0.3.18
      hash: e00cad6706bb95f556aeab5318a04e55d3884c027b09f6340fc4e7d69c905a17
    - name: wippy/views
      version: 0.5.10
      hash: a25c35b260e8f9c161f372aa8f5e80624af4db233f2b9de4a36d9015342f01fe
