directories:
    modules: .wippy
    src: ./src
modules:
    - name: wippy/agent
      version: 0.5.2
      hash: 5fa98078ab97f56b0139445ac7aee05c504fb11abefc06bc3b35df53aa16d81b
    - name: wippy/llm
      version: 0.5.4
      hash: 984785fe2219cdc52a84d61d5900f30fb2ee13d3c7c43e6382b20220a4abb1dd
    - name: wippy/migration
      version: 0.3.21
      hash: 215445ba5e9c79a36af1dcf59277946c8b7a7f20d372a296f295fa99ddc4b430
    - name: wippy/views
      version: 0.5.10
      hash: a25c35b260e8f9c161f372aa8f5e80624af4db233f2b9de4a36d9015342f01fe
